// !$*UTF8*$!
{
	archiveVersion = 1;
	classes = {
	};
	objectVersion = 56;
	objects = {

/* Begin PBXBuildFile section */
		8359CC642C188578000947C3 /* AppDelegate.swift in Sources */ = {isa = PBXBuildFile; fileRef = 8359CC612C188578000947C3 /* AppDelegate.swift */; };
		8359CC652C188578000947C3 /* SceneDelegate.swift in Sources */ = {isa = PBXBuildFile; fileRef = 8359CC622C188578000947C3 /* SceneDelegate.swift */; };
		83A5A8272BF03BF1002C4F60 /* Base in Resources */ = {isa = PBXBuildFile; fileRef = 83A5A8262BF03BF1002C4F60 /* Base */; };
		83A5A82A2BF03BF1002C4F60 /* Ajandam.xcdatamodeld in Sources */ = {isa = PBXBuildFile; fileRef = 83A5A8282BF03BF1002C4F60 /* Ajandam.xcdatamodeld */; };
		83A5A82C2BF03BF3002C4F60 /* Assets.xcassets in Resources */ = {isa = PBXBuildFile; fileRef = 83A5A82B2BF03BF3002C4F60 /* Assets.xcassets */; };
		83A5A82F2BF03BF3002C4F60 /* Base in Resources */ = {isa = PBXBuildFile; fileRef = 83A5A82E2BF03BF3002C4F60 /* Base */; };
		83E6CCBB2BF10659005C3E2E /* Task.swift in Sources */ = {isa = PBXBuildFile; fileRef = 83E6CCBA2BF10659005C3E2E /* Task.swift */; };
		83E6CCC22BF10879005C3E2E /* TaskDetailViewController.swift in Sources */ = {isa = PBXBuildFile; fileRef = 83E6CCC12BF10879005C3E2E /* TaskDetailViewController.swift */; };
		83E6CCC62BF10A22005C3E2E /* TasksCollectionViewController.swift in Sources */ = {isa = PBXBuildFile; fileRef = 83E6CCC32BF10A22005C3E2E /* TasksCollectionViewController.swift */; };
		83E6CCC82BF10F1F005C3E2E /* TaskManager.swift in Sources */ = {isa = PBXBuildFile; fileRef = 83E6CCC72BF10F1F005C3E2E /* TaskManager.swift */; };
/* End PBXBuildFile section */

/* Begin PBXFileReference section */
		8359CC612C188578000947C3 /* AppDelegate.swift */ = {isa = PBXFileReference; lastKnownFileType = sourcecode.swift; path = AppDelegate.swift; sourceTree = "<group>"; };
		8359CC622C188578000947C3 /* SceneDelegate.swift */ = {isa = PBXFileReference; lastKnownFileType = sourcecode.swift; path = SceneDelegate.swift; sourceTree = "<group>"; };
		83A5A81C2BF03BF1002C4F60 /* Ajandam.app */ = {isa = PBXFileReference; explicitFileType = wrapper.application; includeInIndex = 0; path = Ajandam.app; sourceTree = BUILT_PRODUCTS_DIR; };
		83A5A8262BF03BF1002C4F60 /* Base */ = {isa = PBXFileReference; lastKnownFileType = file.storyboard; name = Base; path = Base.lproj/Main.storyboard; sourceTree = "<group>"; };
		83A5A8292BF03BF1002C4F60 /* Ajandam.xcdatamodel */ = {isa = PBXFileReference; lastKnownFileType = wrapper.xcdatamodel; path = Ajandam.xcdatamodel; sourceTree = "<group>"; };
		83A5A82B2BF03BF3002C4F60 /* Assets.xcassets */ = {isa = PBXFileReference; lastKnownFileType = folder.assetcatalog; path = Assets.xcassets; sourceTree = "<group>"; };
		83A5A82E2BF03BF3002C4F60 /* Base */ = {isa = PBXFileReference; lastKnownFileType = file.storyboard; name = Base; path = Base.lproj/LaunchScreen.storyboard; sourceTree = "<group>"; };
		83A5A8302BF03BF3002C4F60 /* Info.plist */ = {isa = PBXFileReference; lastKnownFileType = text.plist.xml; path = Info.plist; sourceTree = "<group>"; };
		83E6CCBA2BF10659005C3E2E /* Task.swift */ = {isa = PBXFileReference; lastKnownFileType = sourcecode.swift; path = Task.swift; sourceTree = "<group>"; };
		83E6CCC12BF10879005C3E2E /* TaskDetailViewController.swift */ = {isa = PBXFileReference; lastKnownFileType = sourcecode.swift; path = TaskDetailViewController.swift; sourceTree = "<group>"; };
		83E6CCC32BF10A22005C3E2E /* TasksCollectionViewController.swift */ = {isa = PBXFileReference; lastKnownFileType = sourcecode.swift; path = TasksCollectionViewController.swift; sourceTree = "<group>"; };
		83E6CCC72BF10F1F005C3E2E /* TaskManager.swift */ = {isa = PBXFileReference; lastKnownFileType = sourcecode.swift; path = TaskManager.swift; sourceTree = "<group>"; };
/* End PBXFileReference section */

/* Begin PBXFrameworksBuildPhase section */
		83A5A8192BF03BF1002C4F60 /* Frameworks */ = {
			isa = PBXFrameworksBuildPhase;
			buildActionMask = 2147483647;
			files = (
			);
			runOnlyForDeploymentPostprocessing = 0;
		};
/* End PBXFrameworksBuildPhase section */

/* Begin PBXGroup section */
		8359CC632C188578000947C3 /* App */ = {
			isa = PBXGroup;
			children = (
				8359CC612C188578000947C3 /* AppDelegate.swift */,
				8359CC622C188578000947C3 /* SceneDelegate.swift */,
			);
			path = App;
			sourceTree = "<group>";
		};
		83A5A8132BF03BF1002C4F60 = {
			isa = PBXGroup;
			children = (
				83A5A81E2BF03BF1002C4F60 /* Ajandam */,
				83A5A81D2BF03BF1002C4F60 /* Products */,
			);
			sourceTree = "<group>";
		};
		83A5A81D2BF03BF1002C4F60 /* Products */ = {
			isa = PBXGroup;
			children = (
				83A5A81C2BF03BF1002C4F60 /* Ajandam.app */,
			);
			name = Products;
			sourceTree = "<group>";
		};
		83A5A81E2BF03BF1002C4F60 /* Ajandam */ = {
			isa = PBXGroup;
			children = (
				8359CC632C188578000947C3 /* App */,
				83E6CCBC2BF10670005C3E2E /* Model */,
				83E6CCBD2BF1068A005C3E2E /* View */,
				83E6CCBE2BF10695005C3E2E /* Controller */,
				83A5A8252BF03BF1002C4F60 /* Main.storyboard */,
				83A5A82B2BF03BF3002C4F60 /* Assets.xcassets */,
				83A5A82D2BF03BF3002C4F60 /* LaunchScreen.storyboard */,
				83A5A8302BF03BF3002C4F60 /* Info.plist */,
				83A5A8282BF03BF1002C4F60 /* Ajandam.xcdatamodeld */,
			);
			path = Ajandam;
			sourceTree = "<group>";
		};
		83E6CCBC2BF10670005C3E2E /* Model */ = {
			isa = PBXGroup;
			children = (
				83E6CCBA2BF10659005C3E2E /* Task.swift */,
			);
			path = Model;
			sourceTree = "<group>";
		};
		83E6CCBD2BF1068A005C3E2E /* View */ = {
			isa = PBXGroup;
			children = (
				83E6CCC32BF10A22005C3E2E /* TasksCollectionViewController.swift */,
				83E6CCC12BF10879005C3E2E /* TaskDetailViewController.swift */,
			);
			path = View;
			sourceTree = "<group>";
		};
		83E6CCBE2BF10695005C3E2E /* Controller */ = {
			isa = PBXGroup;
			children = (
				83E6CCC72BF10F1F005C3E2E /* TaskManager.swift */,
			);
			path = Controller;
			sourceTree = "<group>";
		};
/* End PBXGroup section */

/* Begin PBXNativeTarget section */
		83A5A81B2BF03BF1002C4F60 /* Ajandam */ = {
			isa = PBXNativeTarget;
			buildConfigurationList = 83A5A8332BF03BF3002C4F60 /* Build configuration list for PBXNativeTarget "Ajandam" */;
			buildPhases = (
				83A5A8182BF03BF1002C4F60 /* Sources */,
				83A5A8192BF03BF1002C4F60 /* Frameworks */,
				83A5A81A2BF03BF1002C4F60 /* Resources */,
			);
			buildRules = (
			);
			dependencies = (
			);
			name = Ajandam;
			productName = Ajandam;
			productReference = 83A5A81C2BF03BF1002C4F60 /* Ajandam.app */;
			productType = "com.apple.product-type.application";
		};
/* End PBXNativeTarget section */

/* Begin PBXProject section */
		83A5A8142BF03BF1002C4F60 /* Project object */ = {
			isa = PBXProject;
			attributes = {
				BuildIndependentTargetsInParallel = 1;
				LastSwiftUpdateCheck = 1530;
				LastUpgradeCheck = 1530;
				TargetAttributes = {
					83A5A81B2BF03BF1002C4F60 = {
						CreatedOnToolsVersion = 15.3;
					};
				};
			};
			buildConfigurationList = 83A5A8172BF03BF1002C4F60 /* Build configuration list for PBXProject "Ajandam" */;
			compatibilityVersion = "Xcode 14.0";
			developmentRegion = en;
			hasScannedForEncodings = 0;
			knownRegions = (
				en,
				Base,
			);
			mainGroup = 83A5A8132BF03BF1002C4F60;
			productRefGroup = 83A5A81D2BF03BF1002C4F60 /* Products */;
			projectDirPath = "";
			projectRoot = "";
			targets = (
				83A5A81B2BF03BF1002C4F60 /* Ajandam */,
			);
		};
/* End PBXProject section */

/* Begin PBXResourcesBuildPhase section */
		83A5A81A2BF03BF1002C4F60 /* Resources */ = {
			isa = PBXResourcesBuildPhase;
			buildActionMask = 2147483647;
			files = (
				83A5A82C2BF03BF3002C4F60 /* Assets.xcassets in Resources */,
				83A5A82F2BF03BF3002C4F60 /* Base in Resources */,
				83A5A8272BF03BF1002C4F60 /* Base in Resources */,
			);
			runOnlyForDeploymentPostprocessing = 0;
		};
/* End PBXResourcesBuildPhase section */

/* Begin PBXSourcesBuildPhase section */
		83A5A8182BF03BF1002C4F60 /* Sources */ = {
			isa = PBXSourcesBuildPhase;
			buildActionMask = 2147483647;
			files = (
				83E6CCC22BF10879005C3E2E /* TaskDetailViewController.swift in Sources */,
				8359CC642C188578000947C3 /* AppDelegate.swift in Sources */,
				8359CC652C188578000947C3 /* SceneDelegate.swift in Sources */,
				83E6CCC62BF10A22005C3E2E /* TasksCollectionViewController.swift in Sources */,
				83A5A82A2BF03BF1002C4F60 /* Ajandam.xcdatamodeld in Sources */,
				83E6CCBB2BF10659005C3E2E /* Task.swift in Sources */,
				83E6CCC82BF10F1F005C3E2E /* TaskManager.swift in Sources */,
			);
			runOnlyForDeploymentPostprocessing = 0;
		};
/* End PBXSourcesBuildPhase section */

/* Begin PBXVariantGroup section */
		83A5A8252BF03BF1002C4F60 /* Main.storyboard */ = {
			isa = PBXVariantGroup;
			children = (
				83A5A8262BF03BF1002C4F60 /* Base */,
			);
			name = Main.storyboard;
			sourceTree = "<group>";
		};
		83A5A82D2BF03BF3002C4F60 /* LaunchScreen.storyboard */ = {
			isa = PBXVariantGroup;
			children = (
				83A5A82E2BF03BF3002C4F60 /* Base */,
			);
			name = LaunchScreen.storyboard;
			sourceTree = "<group>";
		};
/* End PBXVariantGroup section */

/* Begin XCBuildConfiguration section */
		83A5A8312BF03BF3002C4F60 /* Debug */ = {
			isa = XCBuildConfiguration;
			buildSettings = {
				ALWAYS_SEARCH_USER_PATHS = NO;
				ASSETCATALOG_COMPILER_GENERATE_SWIFT_ASSET_SYMBOL_EXTENSIONS = YES;
				CLANG_ANALYZER_NONNULL = YES;
				CLANG_ANALYZER_NUMBER_OBJECT_CONVERSION = YES_AGGRESSIVE;
				CLANG_CXX_LANGUAGE_STANDARD = "gnu++20";
				CLANG_ENABLE_MODULES = YES;
				CLANG_ENABLE_OBJC_ARC = YES;
				CLANG_ENABLE_OBJC_WEAK = YES;
				CLANG_WARN_BLOCK_CAPTURE_AUTORELEASING = YES;
				CLANG_WARN_BOOL_CONVERSION = YES;
				CLANG_WARN_COMMA = YES;
				CLANG_WARN_CONSTANT_CONVERSION = YES;
				CLANG_WARN_DEPRECATED_OBJC_IMPLEMENTATIONS = YES;
				CLANG_WARN_DIRECT_OBJC_ISA_USAGE = YES_ERROR;
				CLANG_WARN_DOCUMENTATION_COMMENTS = YES;
				CLANG_WARN_EMPTY_BODY = YES;
				CLANG_WARN_ENUM_CONVERSION = YES;
				CLANG_WARN_INFINITE_RECURSION = YES;
				CLANG_WARN_INT_CONVERSION = YES;
				CLANG_WARN_NON_LITERAL_NULL_CONVERSION = YES;
				CLANG_WARN_OBJC_IMPLICIT_RETAIN_SELF = YES;
				CLANG_WARN_OBJC_LITERAL_CONVERSION = YES;
				CLANG_WARN_OBJC_ROOT_CLASS = YES_ERROR;
				CLANG_WARN_QUOTED_INCLUDE_IN_FRAMEWORK_HEADER = YES;
				CLANG_WARN_RANGE_LOOP_ANALYSIS = YES;
				CLANG_WARN_STRICT_PROTOTYPES = YES;
				CLANG_WARN_SUSPICIOUS_MOVE = YES;
				CLANG_WARN_UNGUARDED_AVAILABILITY = YES_AGGRESSIVE;
				CLANG_WARN_UNREACHABLE_CODE = YES;
				CLANG_WARN__DUPLICATE_METHOD_MATCH = YES;
				COPY_PHASE_STRIP = NO;
				DEBUG_INFORMATION_FORMAT = dwarf;
				ENABLE_STRICT_OBJC_MSGSEND = YES;
				ENABLE_TESTABILITY = YES;
				ENABLE_USER_SCRIPT_SANDBOXING = YES;
				GCC_C_LANGUAGE_STANDARD = gnu17;
				GCC_DYNAMIC_NO_PIC = NO;
				GCC_NO_COMMON_BLOCKS = YES;
				GCC_OPTIMIZATION_LEVEL = 0;
				GCC_PREPROCESSOR_DEFINITIONS = (
					"DEBUG=1",
					"$(inherited)",
				);
				GCC_WARN_64_TO_32_BIT_CONVERSION = YES;
				GCC_WARN_ABOUT_RETURN_TYPE = YES_ERROR;
				GCC_WARN_UNDECLARED_SELECTOR = YES;
				GCC_WARN_UNINITIALIZED_AUTOS = YES_AGGRESSIVE;
				GCC_WARN_UNUSED_FUNCTION = YES;
				GCC_WARN_UNUSED_VARIABLE = YES;
				IPHONEOS_DEPLOYMENT_TARGET = 17.4;
				LOCALIZATION_PREFERS_STRING_CATALOGS = YES;
				MTL_ENABLE_DEBUG_INFO = INCLUDE_SOURCE;
				MTL_FAST_MATH = YES;
				ONLY_ACTIVE_ARCH = YES;
				SDKROOT = iphoneos;
				SWIFT_ACTIVE_COMPILATION_CONDITIONS = "DEBUG $(inherited)";
				SWIFT_OPTIMIZATION_LEVEL = "-Onone";
			};
			name = Debug;
		};
		83A5A8322BF03BF3002C4F60 /* Release */ = {
			isa = XCBuildConfiguration;
			buildSettings = {
				ALWAYS_SEARCH_USER_PATHS = NO;
				ASSETCATALOG_COMPILER_GENERATE_SWIFT_ASSET_SYMBOL_EXTENSIONS = YES;
				CLANG_ANALYZER_NONNULL = YES;
				CLANG_ANALYZER_NUMBER_OBJECT_CONVERSION = YES_AGGRESSIVE;
				CLANG_CXX_LANGUAGE_STANDARD = "gnu++20";
				CLANG_ENABLE_MODULES = YES;
				CLANG_ENABLE_OBJC_ARC = YES;
				CLANG_ENABLE_OBJC_WEAK = YES;
				CLANG_WARN_BLOCK_CAPTURE_AUTORELEASING = YES;
				CLANG_WARN_BOOL_CONVERSION = YES;
				CLANG_WARN_COMMA = YES;
				CLANG_WARN_CONSTANT_CONVERSION = YES;
				CLANG_WARN_DEPRECATED_OBJC_IMPLEMENTATIONS = YES;
				CLANG_WARN_DIRECT_OBJC_ISA_USAGE = YES_ERROR;
				CLANG_WARN_DOCUMENTATION_COMMENTS = YES;
				CLANG_WARN_EMPTY_BODY = YES;
				CLANG_WARN_ENUM_CONVERSION = YES;
				CLANG_WARN_INFINITE_RECURSION = YES;
				CLANG_WARN_INT_CONVERSION = YES;
				CLANG_WARN_NON_LITERAL_NULL_CONVERSION = YES;
				CLANG_WARN_OBJC_IMPLICIT_RETAIN_SELF = YES;
				CLANG_WARN_OBJC_LITERAL_CONVERSION = YES;
				CLANG_WARN_OBJC_ROOT_CLASS = YES_ERROR;
				CLANG_WARN_QUOTED_INCLUDE_IN_FRAMEWORK_HEADER = YES;
				CLANG_WARN_RANGE_LOOP_ANALYSIS = YES;
				CLANG_WARN_STRICT_PROTOTYPES = YES;
				CLANG_WARN_SUSPICIOUS_MOVE = YES;
				CLANG_WARN_UNGUARDED_AVAILABILITY = YES_AGGRESSIVE;
				CLANG_WARN_UNREACHABLE_CODE = YES;
				CLANG_WARN__DUPLICATE_METHOD_MATCH = YES;
				COPY_PHASE_STRIP = NO;
				DEBUG_INFORMATION_FORMAT = "dwarf-with-dsym";
				ENABLE_NS_ASSERTIONS = NO;
				ENABLE_STRICT_OBJC_MSGSEND = YES;
				ENABLE_USER_SCRIPT_SANDBOXING = YES;
				GCC_C_LANGUAGE_STANDARD = gnu17;
				GCC_NO_COMMON_BLOCKS = YES;
				GCC_WARN_64_TO_32_BIT_CONVERSION = YES;
				GCC_WARN_ABOUT_RETURN_TYPE = YES_ERROR;
				GCC_WARN_UNDECLARED_SELECTOR = YES;
				GCC_WARN_UNINITIALIZED_AUTOS = YES_AGGRESSIVE;
				GCC_WARN_UNUSED_FUNCTION = YES;
				GCC_WARN_UNUSED_VARIABLE = YES;
				IPHONEOS_DEPLOYMENT_TARGET = 17.4;
				LOCALIZATION_PREFERS_STRING_CATALOGS = YES;
				MTL_ENABLE_DEBUG_INFO = NO;
				MTL_FAST_MATH = YES;
				SDKROOT = iphoneos;
				SWIFT_COMPILATION_MODE = wholemodule;
				VALIDATE_PRODUCT = YES;
			};
			name = Release;
		};
		83A5A8342BF03BF3002C4F60 /* Debug */ = {
			isa = XCBuildConfiguration;
			buildSettings = {
				ASSETCATALOG_COMPILER_APPICON_NAME = AppIcon;
				ASSETCATALOG_COMPILER_GLOBAL_ACCENT_COLOR_NAME = AccentColor;
				CODE_SIGN_STYLE = Automatic;
				CURRENT_PROJECT_VERSION = 1;
				DEVELOPMENT_TEAM = BQV5USLHJ7;
				GENERATE_INFOPLIST_FILE = YES;
				INFOPLIST_FILE = Ajandam/Info.plist;
				INFOPLIST_KEY_UIApplicationSupportsIndirectInputEvents = YES;
				INFOPLIST_KEY_UILaunchStoryboardName = LaunchScreen;
				INFOPLIST_KEY_UIMainStoryboardFile = Main;
				INFOPLIST_KEY_UISupportedInterfaceOrientations_iPad = "UIInterfaceOrientationPortrait UIInterfaceOrientationPortraitUpsideDown UIInterfaceOrientationLandscapeLeft UIInterfaceOrientationLandscapeRight";
				INFOPLIST_KEY_UISupportedInterfaceOrientations_iPhone = "UIInterfaceOrientationPortrait UIInterfaceOrientationLandscapeLeft UIInterfaceOrientationLandscapeRight";
				LD_RUNPATH_SEARCH_PATHS = (
					"$(inherited)",
					"@executable_path/Frameworks",
				);
				MARKETING_VERSION = 1.0;
				PRODUCT_BUNDLE_IDENTIFIER = com.yigit.Ajandam;
				PRODUCT_NAME = "$(TARGET_NAME)";
				SWIFT_EMIT_LOC_STRINGS = YES;
				SWIFT_VERSION = 5.0;
				TARGETED_DEVICE_FAMILY = "1,2";
			};
			name = Debug;
		};
		83A5A8352BF03BF3002C4F60 /* Release */ = {
			isa = XCBuildConfiguration;
			buildSettings = {
				ASSETCATALOG_COMPILER_APPICON_NAME = AppIcon;
				ASSETCATALOG_COMPILER_GLOBAL_ACCENT_COLOR_NAME = AccentColor;
				CODE_SIGN_STYLE = Automatic;
				CURRENT_PROJECT_VERSION = 1;
				DEVELOPMENT_TEAM = BQV5USLHJ7;
				GENERATE_INFOPLIST_FILE = YES;
				INFOPLIST_FILE = Ajandam/Info.plist;
				INFOPLIST_KEY_UIApplicationSupportsIndirectInputEvents = YES;
				INFOPLIST_KEY_UILaunchStoryboardName = LaunchScreen;
				INFOPLIST_KEY_UIMainStoryboardFile = Main;
				INFOPLIST_KEY_UISupportedInterfaceOrientations_iPad = "UIInterfaceOrientationPortrait UIInterfaceOrientationPortraitUpsideDown UIInterfaceOrientationLandscapeLeft UIInterfaceOrientationLandscapeRight";
				INFOPLIST_KEY_UISupportedInterfaceOrientations_iPhone = "UIInterfaceOrientationPortrait UIInterfaceOrientationLandscapeLeft UIInterfaceOrientationLandscapeRight";
				LD_RUNPATH_SEARCH_PATHS = (
					"$(inherited)",
					"@executable_path/Frameworks",
				);
				MARKETING_VERSION = 1.0;
				PRODUCT_BUNDLE_IDENTIFIER = com.yigit.Ajandam;
				PRODUCT_NAME = "$(TARGET_NAME)";
				SWIFT_EMIT_LOC_STRINGS = YES;
				SWIFT_VERSION = 5.0;
				TARGETED_DEVICE_FAMILY = "1,2";
			};
			name = Release;
		};
/* End XCBuildConfiguration section */

/* Begin XCConfigurationList section */
		83A5A8172BF03BF1002C4F60 /* Build configuration list for PBXProject "Ajandam" */ = {
			isa = XCConfigurationList;
			buildConfigurations = (
				83A5A8312BF03BF3002C4F60 /* Debug */,
				83A5A8322BF03BF3002C4F60 /* Release */,
			);
			defaultConfigurationIsVisible = 0;
			defaultConfigurationName = Release;
		};
		83A5A8332BF03BF3002C4F60 /* Build configuration list for PBXNativeTarget "Ajandam" */ = {
			isa = XCConfigurationList;
			buildConfigurations = (
				83A5A8342BF03BF3002C4F60 /* Debug */,
				83A5A8352BF03BF3002C4F60 /* Release */,
			);
			defaultConfigurationIsVisible = 0;
			defaultConfigurationName = Release;
		};
/* End XCConfigurationList section */

/* Begin XCVersionGroup section */
		83A5A8282BF03BF1002C4F60 /* Ajandam.xcdatamodeld */ = {
			isa = XCVersionGroup;
			children = (
				83A5A8292BF03BF1002C4F60 /* Ajandam.xcdatamodel */,
			);
			currentVersion = 83A5A8292BF03BF1002C4F60 /* Ajandam.xcdatamodel */;
			path = Ajandam.xcdatamodeld;
			sourceTree = "<group>";
			versionGroupType = wrapper.xcdatamodel;
		};
/* End XCVersionGroup section */
	};
	rootObject = 83A5A8142BF03BF1002C4F60 /* Project object */;
}
